
Microsoft Visual Studio Solution File, Format Version 12.00
# Visual Studio Version 17
VisualStudioVersion = 17.4.33403.182
MinimumVisualStudioVersion = 10.0.40219.1
Project("{9A19103F-16F7-4668-BE54-9A1E7A4F7556}") = "RomanCalculatorREST", "RomanCalculatorREST\RomanCalculatorREST.csproj", "{7CE4382B-57D7-4697-986D-7C4733A78CC0}"
EndProject
Project("{FAE04EC0-301F-11D3-BF4B-00C04F79EFBC}") = "RomanCalculatorRestTest", "RomanCalculatorRestTest\RomanCalculatorRestTest.csproj", "{171003C5-EE40-4523-90FF-75BEA1E58AA3}"
EndProject
Global
	GlobalSection(SolutionConfigurationPlatforms) = preSolution
		Debug|Any CPU = Debug|Any CPU
		Release|Any CPU = Release|Any CPU
	EndGlobalSection
	GlobalSection(ProjectConfigurationPlatforms) = postSolution
		{7CE4382B-57D7-4697-986D-7C4733A78CC0}.Debug|Any CPU.ActiveCfg = Debug|Any CPU
		{7CE4382B-57D7-4697-986D-7C4733A78CC0}.Debug|Any CPU.Build.0 = Debug|Any CPU
		{7CE4382B-57D7-4697-986D-7C4733A78CC0}.Release|Any CPU.ActiveCfg = Release|Any CPU
		{7CE4382B-57D7-4697-986D-7C4733A78CC0}.Release|Any CPU.Build.0 = Release|Any CPU
		{171003C5-EE40-4523-90FF-75BEA1E58AA3}.Debug|Any CPU.ActiveCfg = Debug|Any CPU
		{171003C5-EE40-4523-90FF-75BEA1E58AA3}.Debug|Any CPU.Build.0 = Debug|Any CPU
		{171003C5-EE40-4523-90FF-75BEA1E58AA3}.Release|Any CPU.ActiveCfg = Release|Any CPU
		{171003C5-EE40-4523-90FF-75BEA1E58AA3}.Release|Any CPU.Build.0 = Release|Any CPU
	EndGlobalSection
	GlobalSection(SolutionProperties) = preSolution
		HideSolutionNode = FALSE
	EndGlobalSection
	GlobalSection(ExtensibilityGlobals) = postSolution
		SolutionGuid = {39840EF2-473D-4B5A-A994-603D193C4E97}
	EndGlobalSection
EndGlobal
